
Microsoft Visual Studio Solution File, Format Version 12.00
# Visual Studio Version 16
VisualStudioVersion = 16.0.30128.74
MinimumVisualStudioVersion = 10.0.40219.1
Project("{9A19103F-16F7-4668-BE54-9A1E7A4F7556}") = "RuleEditor.Server", "Server\RuleEditor.Server.csproj", "{B5DE833E-F662-4573-BA31-4FF5846788B9}"
EndProject
Project("{9A19103F-16F7-4668-BE54-9A1E7A4F7556}") = "RuleEditor.Client", "Client\RuleEditor.Client.csproj", "{84298DA5-E73E-4798-A1DB-3807E2150857}"
EndProject
Project("{9A19103F-16F7-4668-BE54-9A1E7A4F7556}") = "RuleEditor.Shared", "Shared\RuleEditor.Shared.csproj", "{A28E8101-6B5E-4BC8-9046-0C5D2BCA75DA}"
EndProject
Project("{2150E333-8FDC-42A3-9474-1A3956D46DE8}") = "Solution Items", "Solution Items", "{A2A34FD0-C938-450A-B8C9-498E90F77DF1}"
	ProjectSection(SolutionItems) = preProject
		snippets.txt = snippets.txt
	EndProjectSection
EndProject
Project("{FAE04EC0-301F-11D3-BF4B-00C04F79EFBC}") = "XRules.Engine", "XRules.Engine\XRules.Engine.csproj", "{16F66074-1155-411C-BBBF-5F279EBE680E}"
EndProject
Project("{FAE04EC0-301F-11D3-BF4B-00C04F79EFBC}") = "XRules.Actions", "XRules.Actions\XRules.Actions.csproj", "{4AAA5C6E-98B0-4950-B941-547B8BEFECDD}"
EndProject
Global
	GlobalSection(SolutionConfigurationPlatforms) = preSolution
		Debug|Any CPU = Debug|Any CPU
		Release|Any CPU = Release|Any CPU
	EndGlobalSection
	GlobalSection(ProjectConfigurationPlatforms) = postSolution
		{B5DE833E-F662-4573-BA31-4FF5846788B9}.Debug|Any CPU.ActiveCfg = Debug|Any CPU
		{B5DE833E-F662-4573-BA31-4FF5846788B9}.Debug|Any CPU.Build.0 = Debug|Any CPU
		{B5DE833E-F662-4573-BA31-4FF5846788B9}.Release|Any CPU.ActiveCfg = Release|Any CPU
		{B5DE833E-F662-4573-BA31-4FF5846788B9}.Release|Any CPU.Build.0 = Release|Any CPU
		{84298DA5-E73E-4798-A1DB-3807E2150857}.Debug|Any CPU.ActiveCfg = Debug|Any CPU
		{84298DA5-E73E-4798-A1DB-3807E2150857}.Debug|Any CPU.Build.0 = Debug|Any CPU
		{84298DA5-E73E-4798-A1DB-3807E2150857}.Release|Any CPU.ActiveCfg = Release|Any CPU
		{84298DA5-E73E-4798-A1DB-3807E2150857}.Release|Any CPU.Build.0 = Release|Any CPU
		{A28E8101-6B5E-4BC8-9046-0C5D2BCA75DA}.Debug|Any CPU.ActiveCfg = Debug|Any CPU
		{A28E8101-6B5E-4BC8-9046-0C5D2BCA75DA}.Debug|Any CPU.Build.0 = Debug|Any CPU
		{A28E8101-6B5E-4BC8-9046-0C5D2BCA75DA}.Release|Any CPU.ActiveCfg = Release|Any CPU
		{A28E8101-6B5E-4BC8-9046-0C5D2BCA75DA}.Release|Any CPU.Build.0 = Release|Any CPU
		{16F66074-1155-411C-BBBF-5F279EBE680E}.Debug|Any CPU.ActiveCfg = Debug|Any CPU
		{16F66074-1155-411C-BBBF-5F279EBE680E}.Debug|Any CPU.Build.0 = Debug|Any CPU
		{16F66074-1155-411C-BBBF-5F279EBE680E}.Release|Any CPU.ActiveCfg = Release|Any CPU
		{16F66074-1155-411C-BBBF-5F279EBE680E}.Release|Any CPU.Build.0 = Release|Any CPU
		{4AAA5C6E-98B0-4950-B941-547B8BEFECDD}.Debug|Any CPU.ActiveCfg = Debug|Any CPU
		{4AAA5C6E-98B0-4950-B941-547B8BEFECDD}.Debug|Any CPU.Build.0 = Debug|Any CPU
		{4AAA5C6E-98B0-4950-B941-547B8BEFECDD}.Release|Any CPU.ActiveCfg = Release|Any CPU
		{4AAA5C6E-98B0-4950-B941-547B8BEFECDD}.Release|Any CPU.Build.0 = Release|Any CPU
	EndGlobalSection
	GlobalSection(SolutionProperties) = preSolution
		HideSolutionNode = FALSE
	EndGlobalSection
	GlobalSection(ExtensibilityGlobals) = postSolution
		SolutionGuid = {B2B81DBA-7858-498D-8937-33C3A62FBC85}
	EndGlobalSection
EndGlobal
